// !$*UTF8*$!
{
	archiveVersion = 1;
	classes = {
	};
	objectVersion = 46;
	objects = {

/* Begin PBXBuildFile section */
		A74579CA1DBEF867009EBAC2 /* SubmitView.m in Sources */ = {isa = PBXBuildFile; fileRef = A74579C91DBEF866009EBAC2 /* SubmitView.m */; };
		A74579CC1DBF470C009EBAC2 /* arrowImage@2x.png in Resources */ = {isa = PBXBuildFile; fileRef = A74579CB1DBF470C009EBAC2 /* arrowImage@2x.png */; };
		A74D5D041DB4715B0034A3C2 /* HQHeaderView.m in Sources */ = {isa = PBXBuildFile; fileRef = A74D5D031DB4715B0034A3C2 /* HQHeaderView.m */; };
		A74D5D071DB4B0790034A3C2 /* alipay_msp_key_info@2x.png in Resources */ = {isa = PBXBuildFile; fileRef = A74D5D051DB4B0790034A3C2 /* alipay_msp_key_info@2x.png */; };
		A74D5D081DB4B0790034A3C2 /* alipay_msp_key_info@3x.png in Resources */ = {isa = PBXBuildFile; fileRef = A74D5D061DB4B0790034A3C2 /* alipay_msp_key_info@3x.png */; };
		A74D5D0B1DB4B0AC0034A3C2 /* bank@2x.png in Resources */ = {isa = PBXBuildFile; fileRef = A74D5D091DB4B0AC0034A3C2 /* bank@2x.png */; };
		A74D5D0C1DB4B0AC0034A3C2 /* bank@3x.png in Resources */ = {isa = PBXBuildFile; fileRef = A74D5D0A1DB4B0AC0034A3C2 /* bank@3x.png */; };
		A74D5D0F1DB4B5680034A3C2 /* offline@3x.png in Resources */ = {isa = PBXBuildFile; fileRef = A74D5D0D1DB4B5680034A3C2 /* offline@3x.png */; };
		A74D5D101DB4B5680034A3C2 /* online@2x.png in Resources */ = {isa = PBXBuildFile; fileRef = A74D5D0E1DB4B5680034A3C2 /* online@2x.png */; };
		A74D5D131DB4B57B0034A3C2 /* publishHelp@2x.png in Resources */ = {isa = PBXBuildFile; fileRef = A74D5D111DB4B57B0034A3C2 /* publishHelp@2x.png */; };
		A74D5D141DB4B57B0034A3C2 /* publishHelp@3x.png in Resources */ = {isa = PBXBuildFile; fileRef = A74D5D121DB4B57B0034A3C2 /* publishHelp@3x.png */; };
		A74D5D161DB4B6E90034A3C2 /* star_highlight@2x.png in Resources */ = {isa = PBXBuildFile; fileRef = A74D5D151DB4B6E90034A3C2 /* star_highlight@2x.png */; };
		A74D5D181DB4B7840034A3C2 /* sunshinecolor.png in Resources */ = {isa = PBXBuildFile; fileRef = A74D5D171DB4B7840034A3C2 /* sunshinecolor.png */; };
		A74D5D1A1DB4B8E00034A3C2 /* bookmark@2x.png in Resources */ = {isa = PBXBuildFile; fileRef = A74D5D191DB4B8E00034A3C2 /* bookmark@2x.png */; };
		A74D5D1E1DB4DC990034A3C2 /* document@2x.png in Resources */ = {isa = PBXBuildFile; fileRef = A74D5D1D1DB4DC990034A3C2 /* document@2x.png */; };
		A74D5D201DB4DD390034A3C2 /* bonus_24.png in Resources */ = {isa = PBXBuildFile; fileRef = A74D5D1F1DB4DD390034A3C2 /* bonus_24.png */; };
		A74D5D231DB4DE830034A3C2 /* HeaderTableViewCell.m in Sources */ = {isa = PBXBuildFile; fileRef = A74D5D221DB4DE830034A3C2 /* HeaderTableViewCell.m */; };
		A7591BDD1DB602C000EC5A1B /* ap_titlebar_search_default@2x.png in Resources */ = {isa = PBXBuildFile; fileRef = A7591BDC1DB602C000EC5A1B /* ap_titlebar_search_default@2x.png */; };
		A7591BE01DB6079900EC5A1B /* more_white@3x.png in Resources */ = {isa = PBXBuildFile; fileRef = A7591BDE1DB6079900EC5A1B /* more_white@3x.png */; };
		A7591BE11DB6079900EC5A1B /* more-w@2x.png in Resources */ = {isa = PBXBuildFile; fileRef = A7591BDF1DB6079900EC5A1B /* more-w@2x.png */; };
		A7591BE41DB60C7200EC5A1B /* SearchViewController.m in Sources */ = {isa = PBXBuildFile; fileRef = A7591BE31DB60C7200EC5A1B /* SearchViewController.m */; };
		A7591BE71DB6131900EC5A1B /* HQKindViewController.m in Sources */ = {isa = PBXBuildFile; fileRef = A7591BE61DB6131900EC5A1B /* HQKindViewController.m */; };
		A76B56311DC0528B00E780E4 /* HQLostTableViewCell.m in Sources */ = {isa = PBXBuildFile; fileRef = A76B562F1DC0528B00E780E4 /* HQLostTableViewCell.m */; };
		A76B56321DC0528B00E780E4 /* HQLostTableViewCell.xib in Resources */ = {isa = PBXBuildFile; fileRef = A76B56301DC0528B00E780E4 /* HQLostTableViewCell.xib */; };
		A76B56391DC05B6500E780E4 /* MessageReplayCell.m in Sources */ = {isa = PBXBuildFile; fileRef = A76B56371DC05B6500E780E4 /* MessageReplayCell.m */; };
		A76B563A1DC05B6500E780E4 /* MessageReplayCell.xib in Resources */ = {isa = PBXBuildFile; fileRef = A76B56381DC05B6500E780E4 /* MessageReplayCell.xib */; };
		A773CD101DC3272100DD1B41 /* MASCompositeConstraint.m in Sources */ = {isa = PBXBuildFile; fileRef = A773CCE61DC3272100DD1B41 /* MASCompositeConstraint.m */; };
		A773CD111DC3272100DD1B41 /* MASConstraint.m in Sources */ = {isa = PBXBuildFile; fileRef = A773CCE91DC3272100DD1B41 /* MASConstraint.m */; };
		A773CD121DC3272100DD1B41 /* MASConstraintMaker.m in Sources */ = {isa = PBXBuildFile; fileRef = A773CCEB1DC3272100DD1B41 /* MASConstraintMaker.m */; };
		A773CD131DC3272100DD1B41 /* MASLayoutConstraint.m in Sources */ = {isa = PBXBuildFile; fileRef = A773CCED1DC3272100DD1B41 /* MASLayoutConstraint.m */; };
		A773CD141DC3272100DD1B41 /* MASViewAttribute.m in Sources */ = {isa = PBXBuildFile; fileRef = A773CCF11DC3272100DD1B41 /* MASViewAttribute.m */; };
		A773CD151DC3272100DD1B41 /* MASViewConstraint.m in Sources */ = {isa = PBXBuildFile; fileRef = A773CCF31DC3272100DD1B41 /* MASViewConstraint.m */; };
		A773CD161DC3272100DD1B41 /* NSArray+MASAdditions.m in Sources */ = {isa = PBXBuildFile; fileRef = A773CCF51DC3272100DD1B41 /* NSArray+MASAdditions.m */; };
		A773CD171DC3272100DD1B41 /* NSLayoutConstraint+MASDebugAdditions.m in Sources */ = {isa = PBXBuildFile; fileRef = A773CCF81DC3272100DD1B41 /* NSLayoutConstraint+MASDebugAdditions.m */; };
		A773CD181DC3272100DD1B41 /* View+MASAdditions.m in Sources */ = {isa = PBXBuildFile; fileRef = A773CCFA1DC3272100DD1B41 /* View+MASAdditions.m */; };
		A773CD191DC3272100DD1B41 /* ViewController+MASAdditions.m in Sources */ = {isa = PBXBuildFile; fileRef = A773CCFD1DC3272100DD1B41 /* ViewController+MASAdditions.m */; };
		A773CD1A1DC3272100DD1B41 /* CityData.plist in Resources */ = {isa = PBXBuildFile; fileRef = A773CCFF1DC3272100DD1B41 /* CityData.plist */; };
		A773CD1B1DC3272100DD1B41 /* TLCity.m in Sources */ = {isa = PBXBuildFile; fileRef = A773CD011DC3272100DD1B41 /* TLCity.m */; };
		A773CD1C1DC3272100DD1B41 /* TLCityGroupCell.m in Sources */ = {isa = PBXBuildFile; fileRef = A773CD031DC3272100DD1B41 /* TLCityGroupCell.m */; };
		A773CD1D1DC3272100DD1B41 /* TLCityHeaderView.m in Sources */ = {isa = PBXBuildFile; fileRef = A773CD051DC3272100DD1B41 /* TLCityHeaderView.m */; };
		A773CD1E1DC3272100DD1B41 /* TLCityPickerController.m in Sources */ = {isa = PBXBuildFile; fileRef = A773CD071DC3272100DD1B41 /* TLCityPickerController.m */; };
		A773CD1F1DC3272100DD1B41 /* TLCityPickerSearchResultController.m in Sources */ = {isa = PBXBuildFile; fileRef = A773CD0A1DC3272100DD1B41 /* TLCityPickerSearchResultController.m */; };
		A773CD201DC3272100DD1B41 /* YiRefreshFooter.m in Sources */ = {isa = PBXBuildFile; fileRef = A773CD0D1DC3272100DD1B41 /* YiRefreshFooter.m */; };
		A773CD211DC3272100DD1B41 /* YiRefreshHeader.m in Sources */ = {isa = PBXBuildFile; fileRef = A773CD0F1DC3272100DD1B41 /* YiRefreshHeader.m */; };
		A79799431DBE064E0055C5B2 /* 矩形-19-拷贝-2@2x.png in Resources */ = {isa = PBXBuildFile; fileRef = A79799421DBE064E0055C5B2 /* 矩形-19-拷贝-2@2x.png */; };
		A79799461DBE0AF30055C5B2 /* HQSubmitLostInfoVC.m in Sources */ = {isa = PBXBuildFile; fileRef = A79799451DBE0AF30055C5B2 /* HQSubmitLostInfoVC.m */; };
		A79A64311DB71F9F00419109 /* HQSelectListView.m in Sources */ = {isa = PBXBuildFile; fileRef = A79A64301DB71F9F00419109 /* HQSelectListView.m */; };
		A79A64341DB7459200419109 /* HQSelectView.m in Sources */ = {isa = PBXBuildFile; fileRef = A79A64331DB7459200419109 /* HQSelectView.m */; };
		A79A64371DB75B7500419109 /* HQSubmitViewController.m in Sources */ = {isa = PBXBuildFile; fileRef = A79A64361DB75B7500419109 /* HQSubmitViewController.m */; };
		A79A643D1DB75BC700419109 /* MyLostStateViewController.m in Sources */ = {isa = PBXBuildFile; fileRef = A79A643C1DB75BC700419109 /* MyLostStateViewController.m */; };
		A79A64401DB75BDC00419109 /* HQHelpViewController.m in Sources */ = {isa = PBXBuildFile; fileRef = A79A643F1DB75BDC00419109 /* HQHelpViewController.m */; };
		A79F2E491DB0B98500CEDB8A /* main.m in Sources */ = {isa = PBXBuildFile; fileRef = A79F2E481DB0B98500CEDB8A /* main.m */; };
		A79F2E4C1DB0B98500CEDB8A /* AppDelegate.m in Sources */ = {isa = PBXBuildFile; fileRef = A79F2E4B1DB0B98500CEDB8A /* AppDelegate.m */; };
		A79F2E521DB0B98500CEDB8A /* Main.storyboard in Resources */ = {isa = PBXBuildFile; fileRef = A79F2E501DB0B98500CEDB8A /* Main.storyboard */; };
		A79F2E541DB0B98500CEDB8A /* Assets.xcassets in Resources */ = {isa = PBXBuildFile; fileRef = A79F2E531DB0B98500CEDB8A /* Assets.xcassets */; };
		A79F2E571DB0B98500CEDB8A /* LaunchScreen.storyboard in Resources */ = {isa = PBXBuildFile; fileRef = A79F2E551DB0B98500CEDB8A /* LaunchScreen.storyboard */; };
		A79F2E711DB0C94900CEDB8A /* AnimationContoller.m in Sources */ = {isa = PBXBuildFile; fileRef = A79F2E6A1DB0C94900CEDB8A /* AnimationContoller.m */; };
		A79F2E721DB0C94900CEDB8A /* HQFirstTableViewController.m in Sources */ = {isa = PBXBuildFile; fileRef = A79F2E6C1DB0C94900CEDB8A /* HQFirstTableViewController.m */; };
		A79F2E731DB0C94900CEDB8A /* KLTNavigationController.m in Sources */ = {isa = PBXBuildFile; fileRef = A79F2E6E1DB0C94900CEDB8A /* KLTNavigationController.m */; };
		A79F2E741DB0C94900CEDB8A /* ViewController.m in Sources */ = {isa = PBXBuildFile; fileRef = A79F2E701DB0C94900CEDB8A /* ViewController.m */; };
		A79F2E771DB0C96E00CEDB8A /* HQSecondTableVC.m in Sources */ = {isa = PBXBuildFile; fileRef = A79F2E761DB0C96E00CEDB8A /* HQSecondTableVC.m */; };
		A79F2E7A1DB0D82B00CEDB8A /* HQBaseViewController.m in Sources */ = {isa = PBXBuildFile; fileRef = A79F2E791DB0D82B00CEDB8A /* HQBaseViewController.m */; };
		A79F2E7D1DB0D8DD00CEDB8A /* HQCityViewController.m in Sources */ = {isa = PBXBuildFile; fileRef = A79F2E7C1DB0D8DD00CEDB8A /* HQCityViewController.m */; };
		A79F2E851DB0DCDE00CEDB8A /* HQTableViewCell.m in Sources */ = {isa = PBXBuildFile; fileRef = A79F2E831DB0DCDE00CEDB8A /* HQTableViewCell.m */; };
		A79F2E861DB0DCDE00CEDB8A /* HQTableViewCell.xib in Resources */ = {isa = PBXBuildFile; fileRef = A79F2E841DB0DCDE00CEDB8A /* HQTableViewCell.xib */; };
		A79F2E891DB0E00800CEDB8A /* AppIcon40x40@2x.png in Resources */ = {isa = PBXBuildFile; fileRef = A79F2E881DB0E00800CEDB8A /* AppIcon40x40@2x.png */; };
		A79F2E8C1DB0E2DC00CEDB8A /* HQDetailViewController.m in Sources */ = {isa = PBXBuildFile; fileRef = A79F2E8B1DB0E2DC00CEDB8A /* HQDetailViewController.m */; };
		A7C542771DC4843500A520E5 /* WebKit.framework in Frameworks */ = {isa = PBXBuildFile; fileRef = A7C542761DC4843500A520E5 /* WebKit.framework */; };
		A7FB06BF1DCB2189004BBA1E /* ii.jpg in Resources */ = {isa = PBXBuildFile; fileRef = A7FB06BE1DCB2189004BBA1E /* ii.jpg */; };
/* End PBXBuildFile section */

/* Begin PBXFileReference section */
		A74579C81DBEF866009EBAC2 /* SubmitView.h */ = {isa = PBXFileReference; fileEncoding = 4; lastKnownFileType = sourcecode.c.h; path = SubmitView.h; sourceTree = "<group>"; };
		A74579C91DBEF866009EBAC2 /* SubmitView.m */ = {isa = PBXFileReference; fileEncoding = 4; lastKnownFileType = sourcecode.c.objc; path = SubmitView.m; sourceTree = "<group>"; };
		A74579CB1DBF470C009EBAC2 /* arrowImage@2x.png */ = {isa = PBXFileReference; lastKnownFileType = image.png; path = "arrowImage@2x.png"; sourceTree = "<group>"; };
		A74D5D021DB4715B0034A3C2 /* HQHeaderView.h */ = {isa = PBXFileReference; fileEncoding = 4; lastKnownFileType = sourcecode.c.h; path = HQHeaderView.h; sourceTree = "<group>"; };
		A74D5D031DB4715B0034A3C2 /* HQHeaderView.m */ = {isa = PBXFileReference; fileEncoding = 4; lastKnownFileType = sourcecode.c.objc; path = HQHeaderView.m; sourceTree = "<group>"; };
		A74D5D051DB4B0790034A3C2 /* alipay_msp_key_info@2x.png */ = {isa = PBXFileReference; lastKnownFileType = image.png; path = "alipay_msp_key_info@2x.png"; sourceTree = "<group>"; };
		A74D5D061DB4B0790034A3C2 /* alipay_msp_key_info@3x.png */ = {isa = PBXFileReference; lastKnownFileType = image.png; path = "alipay_msp_key_info@3x.png"; sourceTree = "<group>"; };
		A74D5D091DB4B0AC0034A3C2 /* bank@2x.png */ = {isa = PBXFileReference; lastKnownFileType = image.png; path = "bank@2x.png"; sourceTree = "<group>"; };
		A74D5D0A1DB4B0AC0034A3C2 /* bank@3x.png */ = {isa = PBXFileReference; lastKnownFileType = image.png; path = "bank@3x.png"; sourceTree = "<group>"; };
		A74D5D0D1DB4B5680034A3C2 /* offline@3x.png */ = {isa = PBXFileReference; lastKnownFileType = image.png; path = "offline@3x.png"; sourceTree = "<group>"; };
		A74D5D0E1DB4B5680034A3C2 /* online@2x.png */ = {isa = PBXFileReference; lastKnownFileType = image.png; path = "online@2x.png"; sourceTree = "<group>"; };
		A74D5D111DB4B57B0034A3C2 /* publishHelp@2x.png */ = {isa = PBXFileReference; lastKnownFileType = image.png; path = "publishHelp@2x.png"; sourceTree = "<group>"; };
		A74D5D121DB4B57B0034A3C2 /* publishHelp@3x.png */ = {isa = PBXFileReference; lastKnownFileType = image.png; path = "publishHelp@3x.png"; sourceTree = "<group>"; };
		A74D5D151DB4B6E90034A3C2 /* star_highlight@2x.png */ = {isa = PBXFileReference; lastKnownFileType = image.png; path = "star_highlight@2x.png"; sourceTree = "<group>"; };
		A74D5D171DB4B7840034A3C2 /* sunshinecolor.png */ = {isa = PBXFileReference; lastKnownFileType = image.png; path = sunshinecolor.png; sourceTree = "<group>"; };
		A74D5D191DB4B8E00034A3C2 /* bookmark@2x.png */ = {isa = PBXFileReference; lastKnownFileType = image.png; path = "bookmark@2x.png"; sourceTree = "<group>"; };
		A74D5D1D1DB4DC990034A3C2 /* document@2x.png */ = {isa = PBXFileReference; lastKnownFileType = image.png; path = "document@2x.png"; sourceTree = "<group>"; };
		A74D5D1F1DB4DD390034A3C2 /* bonus_24.png */ = {isa = PBXFileReference; lastKnownFileType = image.png; path = bonus_24.png; sourceTree = "<group>"; };
		A74D5D211DB4DE830034A3C2 /* HeaderTableViewCell.h */ = {isa = PBXFileReference; fileEncoding = 4; lastKnownFileType = sourcecode.c.h; path = HeaderTableViewCell.h; sourceTree = "<group>"; };
		A74D5D221DB4DE830034A3C2 /* HeaderTableViewCell.m */ = {isa = PBXFileReference; fileEncoding = 4; lastKnownFileType = sourcecode.c.objc; path = HeaderTableViewCell.m; sourceTree = "<group>"; };
		A7591BDC1DB602C000EC5A1B /* ap_titlebar_search_default@2x.png */ = {isa = PBXFileReference; lastKnownFileType = image.png; path = "ap_titlebar_search_default@2x.png"; sourceTree = "<group>"; };
		A7591BDE1DB6079900EC5A1B /* more_white@3x.png */ = {isa = PBXFileReference; lastKnownFileType = image.png; path = "more_white@3x.png"; sourceTree = "<group>"; };
		A7591BDF1DB6079900EC5A1B /* more-w@2x.png */ = {isa = PBXFileReference; lastKnownFileType = image.png; path = "more-w@2x.png"; sourceTree = "<group>"; };
		A7591BE21DB60C7200EC5A1B /* SearchViewController.h */ = {isa = PBXFileReference; fileEncoding = 4; lastKnownFileType = sourcecode.c.h; path = SearchViewController.h; sourceTree = "<group>"; };
		A7591BE31DB60C7200EC5A1B /* SearchViewController.m */ = {isa = PBXFileReference; fileEncoding = 4; lastKnownFileType = sourcecode.c.objc; path = SearchViewController.m; sourceTree = "<group>"; };
		A7591BE51DB6131900EC5A1B /* HQKindViewController.h */ = {isa = PBXFileReference; fileEncoding = 4; lastKnownFileType = sourcecode.c.h; path = HQKindViewController.h; sourceTree = "<group>"; };
		A7591BE61DB6131900EC5A1B /* HQKindViewController.m */ = {isa = PBXFileReference; fileEncoding = 4; lastKnownFileType = sourcecode.c.objc; path = HQKindViewController.m; sourceTree = "<group>"; };
		A76B562E1DC0528B00E780E4 /* HQLostTableViewCell.h */ = {isa = PBXFileReference; fileEncoding = 4; lastKnownFileType = sourcecode.c.h; path = HQLostTableViewCell.h; sourceTree = "<group>"; };
		A76B562F1DC0528B00E780E4 /* HQLostTableViewCell.m */ = {isa = PBXFileReference; fileEncoding = 4; lastKnownFileType = sourcecode.c.objc; path = HQLostTableViewCell.m; sourceTree = "<group>"; };
		A76B56301DC0528B00E780E4 /* HQLostTableViewCell.xib */ = {isa = PBXFileReference; fileEncoding = 4; lastKnownFileType = file.xib; path = HQLostTableViewCell.xib; sourceTree = "<group>"; };
		A76B56361DC05B6500E780E4 /* MessageReplayCell.h */ = {isa = PBXFileReference; fileEncoding = 4; lastKnownFileType = sourcecode.c.h; path = MessageReplayCell.h; sourceTree = "<group>"; };
		A76B56371DC05B6500E780E4 /* MessageReplayCell.m */ = {isa = PBXFileReference; fileEncoding = 4; lastKnownFileType = sourcecode.c.objc; path = MessageReplayCell.m; sourceTree = "<group>"; };
		A76B56381DC05B6500E780E4 /* MessageReplayCell.xib */ = {isa = PBXFileReference; fileEncoding = 4; lastKnownFileType = file.xib; path = MessageReplayCell.xib; sourceTree = "<group>"; };
		A773CCE51DC3272100DD1B41 /* MASCompositeConstraint.h */ = {isa = PBXFileReference; fileEncoding = 4; lastKnownFileType = sourcecode.c.h; path = MASCompositeConstraint.h; sourceTree = "<group>"; };
		A773CCE61DC3272100DD1B41 /* MASCompositeConstraint.m */ = {isa = PBXFileReference; fileEncoding = 4; lastKnownFileType = sourcecode.c.objc; path = MASCompositeConstraint.m; sourceTree = "<group>"; };
		A773CCE71DC3272100DD1B41 /* MASConstraint+Private.h */ = {isa = PBXFileReference; fileEncoding = 4; lastKnownFileType = sourcecode.c.h; path = "MASConstraint+Private.h"; sourceTree = "<group>"; };
		A773CCE81DC3272100DD1B41 /* MASConstraint.h */ = {isa = PBXFileReference; fileEncoding = 4; lastKnownFileType = sourcecode.c.h; path = MASConstraint.h; sourceTree = "<group>"; };
		A773CCE91DC3272100DD1B41 /* MASConstraint.m */ = {isa = PBXFileReference; fileEncoding = 4; lastKnownFileType = sourcecode.c.objc; path = MASConstraint.m; sourceTree = "<group>"; };
		A773CCEA1DC3272100DD1B41 /* MASConstraintMaker.h */ = {isa = PBXFileReference; fileEncoding = 4; lastKnownFileType = sourcecode.c.h; path = MASConstraintMaker.h; sourceTree = "<group>"; };
		A773CCEB1DC3272100DD1B41 /* MASConstraintMaker.m */ = {isa = PBXFileReference; fileEncoding = 4; lastKnownFileType = sourcecode.c.objc; path = MASConstraintMaker.m; sourceTree = "<group>"; };
		A773CCEC1DC3272100DD1B41 /* MASLayoutConstraint.h */ = {isa = PBXFileReference; fileEncoding = 4; lastKnownFileType = sourcecode.c.h; path = MASLayoutConstraint.h; sourceTree = "<group>"; };
		A773CCED1DC3272100DD1B41 /* MASLayoutConstraint.m */ = {isa = PBXFileReference; fileEncoding = 4; lastKnownFileType = sourcecode.c.objc; path = MASLayoutConstraint.m; sourceTree = "<group>"; };
		A773CCEE1DC3272100DD1B41 /* Masonry.h */ = {isa = PBXFileReference; fileEncoding = 4; lastKnownFileType = sourcecode.c.h; path = Masonry.h; sourceTree = "<group>"; };
		A773CCEF1DC3272100DD1B41 /* MASUtilities.h */ = {isa = PBXFileReference; fileEncoding = 4; lastKnownFileType = sourcecode.c.h; path = MASUtilities.h; sourceTree = "<group>"; };
		A773CCF01DC3272100DD1B41 /* MASViewAttribute.h */ = {isa = PBXFileReference; fileEncoding = 4; lastKnownFileType = sourcecode.c.h; path = MASViewAttribute.h; sourceTree = "<group>"; };
		A773CCF11DC3272100DD1B41 /* MASViewAttribute.m */ = {isa = PBXFileReference; fileEncoding = 4; lastKnownFileType = sourcecode.c.objc; path = MASViewAttribute.m; sourceTree = "<group>"; };
		A773CCF21DC3272100DD1B41 /* MASViewConstraint.h */ = {isa = PBXFileReference; fileEncoding = 4; lastKnownFileType = sourcecode.c.h; path = MASViewConstraint.h; sourceTree = "<group>"; };
		A773CCF31DC3272100DD1B41 /* MASViewConstraint.m */ = {isa = PBXFileReference; fileEncoding = 4; lastKnownFileType = sourcecode.c.objc; path = MASViewConstraint.m; sourceTree = "<group>"; };
		A773CCF41DC3272100DD1B41 /* NSArray+MASAdditions.h */ = {isa = PBXFileReference; fileEncoding = 4; lastKnownFileType = sourcecode.c.h; path = "NSArray+MASAdditions.h"; sourceTree = "<group>"; };
		A773CCF51DC3272100DD1B41 /* NSArray+MASAdditions.m */ = {isa = PBXFileReference; fileEncoding = 4; lastKnownFileType = sourcecode.c.objc; path = "NSArray+MASAdditions.m"; sourceTree = "<group>"; };
		A773CCF61DC3272100DD1B41 /* NSArray+MASShorthandAdditions.h */ = {isa = PBXFileReference; fileEncoding = 4; lastKnownFileType = sourcecode.c.h; path = "NSArray+MASShorthandAdditions.h"; sourceTree = "<group>"; };
		A773CCF71DC3272100DD1B41 /* NSLayoutConstraint+MASDebugAdditions.h */ = {isa = PBXFileReference; fileEncoding = 4; lastKnownFileType = sourcecode.c.h; path = "NSLayoutConstraint+MASDebugAdditions.h"; sourceTree = "<group>"; };
		A773CCF81DC3272100DD1B41 /* NSLayoutConstraint+MASDebugAdditions.m */ = {isa = PBXFileReference; fileEncoding = 4; lastKnownFileType = sourcecode.c.objc; path = "NSLayoutConstraint+MASDebugAdditions.m"; sourceTree = "<group>"; };
		A773CCF91DC3272100DD1B41 /* View+MASAdditions.h */ = {isa = PBXFileReference; fileEncoding = 4; lastKnownFileType = sourcecode.c.h; path = "View+MASAdditions.h"; sourceTree = "<group>"; };
		A773CCFA1DC3272100DD1B41 /* View+MASAdditions.m */ = {isa = PBXFileReference; fileEncoding = 4; lastKnownFileType = sourcecode.c.objc; path = "View+MASAdditions.m"; sourceTree = "<group>"; };
		A773CCFB1DC3272100DD1B41 /* View+MASShorthandAdditions.h */ = {isa = PBXFileReference; fileEncoding = 4; lastKnownFileType = sourcecode.c.h; path = "View+MASShorthandAdditions.h"; sourceTree = "<group>"; };
		A773CCFC1DC3272100DD1B41 /* ViewController+MASAdditions.h */ = {isa = PBXFileReference; fileEncoding = 4; lastKnownFileType = sourcecode.c.h; path = "ViewController+MASAdditions.h"; sourceTree = "<group>"; };
		A773CCFD1DC3272100DD1B41 /* ViewController+MASAdditions.m */ = {isa = PBXFileReference; fileEncoding = 4; lastKnownFileType = sourcecode.c.objc; path = "ViewController+MASAdditions.m"; sourceTree = "<group>"; };
		A773CCFF1DC3272100DD1B41 /* CityData.plist */ = {isa = PBXFileReference; fileEncoding = 4; lastKnownFileType = text.plist.xml; path = CityData.plist; sourceTree = "<group>"; };
		A773CD001DC3272100DD1B41 /* TLCity.h */ = {isa = PBXFileReference; fileEncoding = 4; lastKnownFileType = sourcecode.c.h; path = TLCity.h; sourceTree = "<group>"; };
		A773CD011DC3272100DD1B41 /* TLCity.m */ = {isa = PBXFileReference; fileEncoding = 4; lastKnownFileType = sourcecode.c.objc; path = TLCity.m; sourceTree = "<group>"; };
		A773CD021DC3272100DD1B41 /* TLCityGroupCell.h */ = {isa = PBXFileReference; fileEncoding = 4; lastKnownFileType = sourcecode.c.h; path = TLCityGroupCell.h; sourceTree = "<group>"; };
		A773CD031DC3272100DD1B41 /* TLCityGroupCell.m */ = {isa = PBXFileReference; fileEncoding = 4; lastKnownFileType = sourcecode.c.objc; path = TLCityGroupCell.m; sourceTree = "<group>"; };
		A773CD041DC3272100DD1B41 /* TLCityHeaderView.h */ = {isa = PBXFileReference; fileEncoding = 4; lastKnownFileType = sourcecode.c.h; path = TLCityHeaderView.h; sourceTree = "<group>"; };
		A773CD051DC3272100DD1B41 /* TLCityHeaderView.m */ = {isa = PBXFileReference; fileEncoding = 4; lastKnownFileType = sourcecode.c.objc; path = TLCityHeaderView.m; sourceTree = "<group>"; };
		A773CD061DC3272100DD1B41 /* TLCityPickerController.h */ = {isa = PBXFileReference; fileEncoding = 4; lastKnownFileType = sourcecode.c.h; path = TLCityPickerController.h; sourceTree = "<group>"; };
		A773CD071DC3272100DD1B41 /* TLCityPickerController.m */ = {isa = PBXFileReference; fileEncoding = 4; lastKnownFileType = sourcecode.c.objc; path = TLCityPickerController.m; sourceTree = "<group>"; };
		A773CD081DC3272100DD1B41 /* TLCityPickerDelegate.h */ = {isa = PBXFileReference; fileEncoding = 4; lastKnownFileType = sourcecode.c.h; path = TLCityPickerDelegate.h; sourceTree = "<group>"; };
		A773CD091DC3272100DD1B41 /* TLCityPickerSearchResultController.h */ = {isa = PBXFileReference; fileEncoding = 4; lastKnownFileType = sourcecode.c.h; path = TLCityPickerSearchResultController.h; sourceTree = "<group>"; };
		A773CD0A1DC3272100DD1B41 /* TLCityPickerSearchResultController.m */ = {isa = PBXFileReference; fileEncoding = 4; lastKnownFileType = sourcecode.c.objc; path = TLCityPickerSearchResultController.m; sourceTree = "<group>"; };
		A773CD0C1DC3272100DD1B41 /* YiRefreshFooter.h */ = {isa = PBXFileReference; fileEncoding = 4; lastKnownFileType = sourcecode.c.h; path = YiRefreshFooter.h; sourceTree = "<group>"; };
		A773CD0D1DC3272100DD1B41 /* YiRefreshFooter.m */ = {isa = PBXFileReference; fileEncoding = 4; lastKnownFileType = sourcecode.c.objc; path = YiRefreshFooter.m; sourceTree = "<group>"; };
		A773CD0E1DC3272100DD1B41 /* YiRefreshHeader.h */ = {isa = PBXFileReference; fileEncoding = 4; lastKnownFileType = sourcecode.c.h; path = YiRefreshHeader.h; sourceTree = "<group>"; };
		A773CD0F1DC3272100DD1B41 /* YiRefreshHeader.m */ = {isa = PBXFileReference; fileEncoding = 4; lastKnownFileType = sourcecode.c.objc; path = YiRefreshHeader.m; sourceTree = "<group>"; };
		A79799421DBE064E0055C5B2 /* 矩形-19-拷贝-2@2x.png */ = {isa = PBXFileReference; lastKnownFileType = image.png; path = "矩形-19-拷贝-2@2x.png"; sourceTree = "<group>"; };
		A79799441DBE0AF30055C5B2 /* HQSubmitLostInfoVC.h */ = {isa = PBXFileReference; fileEncoding = 4; lastKnownFileType = sourcecode.c.h; path = HQSubmitLostInfoVC.h; sourceTree = "<group>"; };
		A79799451DBE0AF30055C5B2 /* HQSubmitLostInfoVC.m */ = {isa = PBXFileReference; fileEncoding = 4; lastKnownFileType = sourcecode.c.objc; path = HQSubmitLostInfoVC.m; sourceTree = "<group>"; };
		A79A642F1DB71F9F00419109 /* HQSelectListView.h */ = {isa = PBXFileReference; fileEncoding = 4; lastKnownFileType = sourcecode.c.h; path = HQSelectListView.h; sourceTree = "<group>"; };
		A79A64301DB71F9F00419109 /* HQSelectListView.m */ = {isa = PBXFileReference; fileEncoding = 4; lastKnownFileType = sourcecode.c.objc; path = HQSelectListView.m; sourceTree = "<group>"; };
		A79A64321DB7459200419109 /* HQSelectView.h */ = {isa = PBXFileReference; fileEncoding = 4; lastKnownFileType = sourcecode.c.h; path = HQSelectView.h; sourceTree = "<group>"; };
		A79A64331DB7459200419109 /* HQSelectView.m */ = {isa = PBXFileReference; fileEncoding = 4; lastKnownFileType = sourcecode.c.objc; path = HQSelectView.m; sourceTree = "<group>"; };
		A79A64351DB75B7500419109 /* HQSubmitViewController.h */ = {isa = PBXFileReference; fileEncoding = 4; lastKnownFileType = sourcecode.c.h; path = HQSubmitViewController.h; sourceTree = "<group>"; };
		A79A64361DB75B7500419109 /* HQSubmitViewController.m */ = {isa = PBXFileReference; fileEncoding = 4; lastKnownFileType = sourcecode.c.objc; path = HQSubmitViewController.m; sourceTree = "<group>"; };
		A79A643B1DB75BC700419109 /* MyLostStateViewController.h */ = {isa = PBXFileReference; fileEncoding = 4; lastKnownFileType = sourcecode.c.h; path = MyLostStateViewController.h; sourceTree = "<group>"; };
		A79A643C1DB75BC700419109 /* MyLostStateViewController.m */ = {isa = PBXFileReference; fileEncoding = 4; lastKnownFileType = sourcecode.c.objc; path = MyLostStateViewController.m; sourceTree = "<group>"; };
		A79A643E1DB75BDC00419109 /* HQHelpViewController.h */ = {isa = PBXFileReference; fileEncoding = 4; lastKnownFileType = sourcecode.c.h; path = HQHelpViewController.h; sourceTree = "<group>"; };
		A79A643F1DB75BDC00419109 /* HQHelpViewController.m */ = {isa = PBXFileReference; fileEncoding = 4; lastKnownFileType = sourcecode.c.objc; path = HQHelpViewController.m; sourceTree = "<group>"; };
		A79F2E441DB0B98500CEDB8A /* LostAndFind.app */ = {isa = PBXFileReference; explicitFileType = wrapper.application; includeInIndex = 0; path = LostAndFind.app; sourceTree = BUILT_PRODUCTS_DIR; };
		A79F2E481DB0B98500CEDB8A /* main.m */ = {isa = PBXFileReference; lastKnownFileType = sourcecode.c.objc; path = main.m; sourceTree = "<group>"; };
		A79F2E4A1DB0B98500CEDB8A /* AppDelegate.h */ = {isa = PBXFileReference; lastKnownFileType = sourcecode.c.h; path = AppDelegate.h; sourceTree = "<group>"; };
		A79F2E4B1DB0B98500CEDB8A /* AppDelegate.m */ = {isa = PBXFileReference; lastKnownFileType = sourcecode.c.objc; path = AppDelegate.m; sourceTree = "<group>"; };
		A79F2E511DB0B98500CEDB8A /* Base */ = {isa = PBXFileReference; lastKnownFileType = file.storyboard; name = Base; path = Base.lproj/Main.storyboard; sourceTree = "<group>"; };
		A79F2E531DB0B98500CEDB8A /* Assets.xcassets */ = {isa = PBXFileReference; lastKnownFileType = folder.assetcatalog; path = Assets.xcassets; sourceTree = "<group>"; };
		A79F2E561DB0B98500CEDB8A /* Base */ = {isa = PBXFileReference; lastKnownFileType = file.storyboard; name = Base; path = Base.lproj/LaunchScreen.storyboard; sourceTree = "<group>"; };
		A79F2E581DB0B98500CEDB8A /* Info.plist */ = {isa = PBXFileReference; lastKnownFileType = text.plist.xml; path = Info.plist; sourceTree = "<group>"; };
		A79F2E641DB0C7C400CEDB8A /* PrefixHeader.pch */ = {isa = PBXFileReference; lastKnownFileType = sourcecode.c.h; path = PrefixHeader.pch; sourceTree = "<group>"; };
		A79F2E691DB0C94900CEDB8A /* AnimationContoller.h */ = {isa = PBXFileReference; fileEncoding = 4; lastKnownFileType = sourcecode.c.h; path = AnimationContoller.h; sourceTree = "<group>"; };
		A79F2E6A1DB0C94900CEDB8A /* AnimationContoller.m */ = {isa = PBXFileReference; fileEncoding = 4; lastKnownFileType = sourcecode.c.objc; path = AnimationContoller.m; sourceTree = "<group>"; };
		A79F2E6B1DB0C94900CEDB8A /* HQFirstTableViewController.h */ = {isa = PBXFileReference; fileEncoding = 4; lastKnownFileType = sourcecode.c.h; path = HQFirstTableViewController.h; sourceTree = "<group>"; };
		A79F2E6C1DB0C94900CEDB8A /* HQFirstTableViewController.m */ = {isa = PBXFileReference; fileEncoding = 4; lastKnownFileType = sourcecode.c.objc; path = HQFirstTableViewController.m; sourceTree = "<group>"; };
		A79F2E6D1DB0C94900CEDB8A /* KLTNavigationController.h */ = {isa = PBXFileReference; fileEncoding = 4; lastKnownFileType = sourcecode.c.h; path = KLTNavigationController.h; sourceTree = "<group>"; };
		A79F2E6E1DB0C94900CEDB8A /* KLTNavigationController.m */ = {isa = PBXFileReference; fileEncoding = 4; lastKnownFileType = sourcecode.c.objc; path = KLTNavigationController.m; sourceTree = "<group>"; };
		A79F2E6F1DB0C94900CEDB8A /* ViewController.h */ = {isa = PBXFileReference; fileEncoding = 4; lastKnownFileType = sourcecode.c.h; path = ViewController.h; sourceTree = "<group>"; };
		A79F2E701DB0C94900CEDB8A /* ViewController.m */ = {isa = PBXFileReference; fileEncoding = 4; lastKnownFileType = sourcecode.c.objc; path = ViewController.m; sourceTree = "<group>"; };
		A79F2E751DB0C96E00CEDB8A /* HQSecondTableVC.h */ = {isa = PBXFileReference; fileEncoding = 4; lastKnownFileType = sourcecode.c.h; path = HQSecondTableVC.h; sourceTree = "<group>"; };
		A79F2E761DB0C96E00CEDB8A /* HQSecondTableVC.m */ = {isa = PBXFileReference; fileEncoding = 4; lastKnownFileType = sourcecode.c.objc; path = HQSecondTableVC.m; sourceTree = "<group>"; };
		A79F2E781DB0D82B00CEDB8A /* HQBaseViewController.h */ = {isa = PBXFileReference; fileEncoding = 4; lastKnownFileType = sourcecode.c.h; path = HQBaseViewController.h; sourceTree = "<group>"; };
		A79F2E791DB0D82B00CEDB8A /* HQBaseViewController.m */ = {isa = PBXFileReference; fileEncoding = 4; lastKnownFileType = sourcecode.c.objc; path = HQBaseViewController.m; sourceTree = "<group>"; };
		A79F2E7B1DB0D8DD00CEDB8A /* HQCityViewController.h */ = {isa = PBXFileReference; fileEncoding = 4; lastKnownFileType = sourcecode.c.h; path = HQCityViewController.h; sourceTree = "<group>"; };
		A79F2E7C1DB0D8DD00CEDB8A /* HQCityViewController.m */ = {isa = PBXFileReference; fileEncoding = 4; lastKnownFileType = sourcecode.c.objc; path = HQCityViewController.m; sourceTree = "<group>"; };
		A79F2E821DB0DCDE00CEDB8A /* HQTableViewCell.h */ = {isa = PBXFileReference; fileEncoding = 4; lastKnownFileType = sourcecode.c.h; path = HQTableViewCell.h; sourceTree = "<group>"; };
		A79F2E831DB0DCDE00CEDB8A /* HQTableViewCell.m */ = {isa = PBXFileReference; fileEncoding = 4; lastKnownFileType = sourcecode.c.objc; path = HQTableViewCell.m; sourceTree = "<group>"; };
		A79F2E841DB0DCDE00CEDB8A /* HQTableViewCell.xib */ = {isa = PBXFileReference; fileEncoding = 4; lastKnownFileType = file.xib; path = HQTableViewCell.xib; sourceTree = "<group>"; };
		A79F2E881DB0E00800CEDB8A /* AppIcon40x40@2x.png */ = {isa = PBXFileReference; lastKnownFileType = image.png; path = "AppIcon40x40@2x.png"; sourceTree = "<group>"; };
		A79F2E8A1DB0E2DC00CEDB8A /* HQDetailViewController.h */ = {isa = PBXFileReference; fileEncoding = 4; lastKnownFileType = sourcecode.c.h; path = HQDetailViewController.h; sourceTree = "<group>"; };
		A79F2E8B1DB0E2DC00CEDB8A /* HQDetailViewController.m */ = {isa = PBXFileReference; fileEncoding = 4; lastKnownFileType = sourcecode.c.objc; path = HQDetailViewController.m; sourceTree = "<group>"; };
		A7C542761DC4843500A520E5 /* WebKit.framework */ = {isa = PBXFileReference; lastKnownFileType = wrapper.framework; name = WebKit.framework; path = System/Library/Frameworks/WebKit.framework; sourceTree = SDKROOT; };
		A7FB06BE1DCB2189004BBA1E /* ii.jpg */ = {isa = PBXFileReference; lastKnownFileType = image.jpeg; path = ii.jpg; sourceTree = "<group>"; };
/* End PBXFileReference section */

/* Begin PBXFrameworksBuildPhase section */
		A79F2E411DB0B98500CEDB8A /* Frameworks */ = {
			isa = PBXFrameworksBuildPhase;
			buildActionMask = 2147483647;
			files = (
				A7C542771DC4843500A520E5 /* WebKit.framework in Frameworks */,
			);
			runOnlyForDeploymentPostprocessing = 0;
		};
/* End PBXFrameworksBuildPhase section */

/* Begin PBXGroup section */
		A773CCDF1DC3262900DD1B41 /* ViewModel */ = {
			isa = PBXGroup;
			children = (
			);
			path = ViewModel;
			sourceTree = "<group>";
		};
		A773CCE11DC3266500DD1B41 /* TableViewProtocol */ = {
			isa = PBXGroup;
			children = (
			);
			path = TableViewProtocol;
			sourceTree = "<group>";
		};
		A773CCE31DC3272100DD1B41 /* 3rdLibs */ = {
			isa = PBXGroup;
			children = (
				A773CCE41DC3272100DD1B41 /* Masonry */,
				A773CCFE1DC3272100DD1B41 /* TLCityPicker */,
				A773CD0B1DC3272100DD1B41 /* YiRefresh */,
			);
			path = 3rdLibs;
			sourceTree = "<group>";
		};
		A773CCE41DC3272100DD1B41 /* Masonry */ = {
			isa = PBXGroup;
			children = (
				A773CCE51DC3272100DD1B41 /* MASCompositeConstraint.h */,
				A773CCE61DC3272100DD1B41 /* MASCompositeConstraint.m */,
				A773CCE71DC3272100DD1B41 /* MASConstraint+Private.h */,
				A773CCE81DC3272100DD1B41 /* MASConstraint.h */,
				A773CCE91DC3272100DD1B41 /* MASConstraint.m */,
				A773CCEA1DC3272100DD1B41 /* MASConstraintMaker.h */,
				A773CCEB1DC3272100DD1B41 /* MASConstraintMaker.m */,
				A773CCEC1DC3272100DD1B41 /* MASLayoutConstraint.h */,
				A773CCED1DC3272100DD1B41 /* MASLayoutConstraint.m */,
				A773CCEE1DC3272100DD1B41 /* Masonry.h */,
				A773CCEF1DC3272100DD1B41 /* MASUtilities.h */,
				A773CCF01DC3272100DD1B41 /* MASViewAttribute.h */,
				A773CCF11DC3272100DD1B41 /* MASViewAttribute.m */,
				A773CCF21DC3272100DD1B41 /* MASViewConstraint.h */,
				A773CCF31DC3272100DD1B41 /* MASViewConstraint.m */,
				A773CCF41DC3272100DD1B41 /* NSArray+MASAdditions.h */,
				A773CCF51DC3272100DD1B41 /* NSArray+MASAdditions.m */,
				A773CCF61DC3272100DD1B41 /* NSArray+MASShorthandAdditions.h */,
				A773CCF71DC3272100DD1B41 /* NSLayoutConstraint+MASDebugAdditions.h */,
				A773CCF81DC3272100DD1B41 /* NSLayoutConstraint+MASDebugAdditions.m */,
				A773CCF91DC3272100DD1B41 /* View+MASAdditions.h */,
				A773CCFA1DC3272100DD1B41 /* View+MASAdditions.m */,
				A773CCFB1DC3272100DD1B41 /* View+MASShorthandAdditions.h */,
				A773CCFC1DC3272100DD1B41 /* ViewController+MASAdditions.h */,
				A773CCFD1DC3272100DD1B41 /* ViewController+MASAdditions.m */,
			);
			path = Masonry;
			sourceTree = "<group>";
		};
		A773CCFE1DC3272100DD1B41 /* TLCityPicker */ = {
			isa = PBXGroup;
			children = (
				A773CCFF1DC3272100DD1B41 /* CityData.plist */,
				A773CD001DC3272100DD1B41 /* TLCity.h */,
				A773CD011DC3272100DD1B41 /* TLCity.m */,
				A773CD021DC3272100DD1B41 /* TLCityGroupCell.h */,
				A773CD031DC3272100DD1B41 /* TLCityGroupCell.m */,
				A773CD041DC3272100DD1B41 /* TLCityHeaderView.h */,
				A773CD051DC3272100DD1B41 /* TLCityHeaderView.m */,
				A773CD061DC3272100DD1B41 /* TLCityPickerController.h */,
				A773CD071DC3272100DD1B41 /* TLCityPickerController.m */,
				A773CD081DC3272100DD1B41 /* TLCityPickerDelegate.h */,
				A773CD091DC3272100DD1B41 /* TLCityPickerSearchResultController.h */,
				A773CD0A1DC3272100DD1B41 /* TLCityPickerSearchResultController.m */,
			);
			path = TLCityPicker;
			sourceTree = "<group>";
		};
		A773CD0B1DC3272100DD1B41 /* YiRefresh */ = {
			isa = PBXGroup;
			children = (
				A773CD0C1DC3272100DD1B41 /* YiRefreshFooter.h */,
				A773CD0D1DC3272100DD1B41 /* YiRefreshFooter.m */,
				A773CD0E1DC3272100DD1B41 /* YiRefreshHeader.h */,
				A773CD0F1DC3272100DD1B41 /* YiRefreshHeader.m */,
			);
			path = YiRefresh;
			sourceTree = "<group>";
		};
		A79F2E3B1DB0B98500CEDB8A = {
			isa = PBXGroup;
			children = (
				A79F2E461DB0B98500CEDB8A /* LostAndFind */,
				A79F2E451DB0B98500CEDB8A /* Products */,
				A7C542751DC4843400A520E5 /* Frameworks */,
			);
			sourceTree = "<group>";
		};
		A79F2E451DB0B98500CEDB8A /* Products */ = {
			isa = PBXGroup;
			children = (
				A79F2E441DB0B98500CEDB8A /* LostAndFind.app */,
			);
			name = Products;
			sourceTree = "<group>";
		};
		A79F2E461DB0B98500CEDB8A /* LostAndFind */ = {
			isa = PBXGroup;
			children = (
				A773CCE31DC3272100DD1B41 /* 3rdLibs */,
				A773CCE11DC3266500DD1B41 /* TableViewProtocol */,
				A773CCDF1DC3262900DD1B41 /* ViewModel */,
				A79F2E871DB0DFEE00CEDB8A /* Resource */,
				A79F2E7E1DB0DC9300CEDB8A /* View */,
				A79F2E681DB0C94900CEDB8A /* Controller */,
				A79F2E4A1DB0B98500CEDB8A /* AppDelegate.h */,
				A79F2E4B1DB0B98500CEDB8A /* AppDelegate.m */,
				A79F2E501DB0B98500CEDB8A /* Main.storyboard */,
				A79F2E531DB0B98500CEDB8A /* Assets.xcassets */,
				A79F2E551DB0B98500CEDB8A /* LaunchScreen.storyboard */,
				A79F2E581DB0B98500CEDB8A /* Info.plist */,
				A79F2E471DB0B98500CEDB8A /* Supporting Files */,
			);
			path = LostAndFind;
			sourceTree = "<group>";
		};
		A79F2E471DB0B98500CEDB8A /* Supporting Files */ = {
			isa = PBXGroup;
			children = (
				A79F2E481DB0B98500CEDB8A /* main.m */,
				A79F2E641DB0C7C400CEDB8A /* PrefixHeader.pch */,
			);
			name = "Supporting Files";
			sourceTree = "<group>";
		};
		A79F2E681DB0C94900CEDB8A /* Controller */ = {
			isa = PBXGroup;
			children = (
				A79F2E6D1DB0C94900CEDB8A /* KLTNavigationController.h */,
				A79F2E6E1DB0C94900CEDB8A /* KLTNavigationController.m */,
				A79F2E691DB0C94900CEDB8A /* AnimationContoller.h */,
				A79F2E6A1DB0C94900CEDB8A /* AnimationContoller.m */,
				A79F2E6B1DB0C94900CEDB8A /* HQFirstTableViewController.h */,
				A79F2E6C1DB0C94900CEDB8A /* HQFirstTableViewController.m */,
				A79F2E6F1DB0C94900CEDB8A /* ViewController.h */,
				A79F2E701DB0C94900CEDB8A /* ViewController.m */,
				A79F2E751DB0C96E00CEDB8A /* HQSecondTableVC.h */,
				A79F2E761DB0C96E00CEDB8A /* HQSecondTableVC.m */,
				A79F2E781DB0D82B00CEDB8A /* HQBaseViewController.h */,
				A79F2E791DB0D82B00CEDB8A /* HQBaseViewController.m */,
				A79F2E7B1DB0D8DD00CEDB8A /* HQCityViewController.h */,
				A79F2E7C1DB0D8DD00CEDB8A /* HQCityViewController.m */,
				A79F2E8A1DB0E2DC00CEDB8A /* HQDetailViewController.h */,
				A79F2E8B1DB0E2DC00CEDB8A /* HQDetailViewController.m */,
				A7591BE21DB60C7200EC5A1B /* SearchViewController.h */,
				A7591BE31DB60C7200EC5A1B /* SearchViewController.m */,
				A7591BE51DB6131900EC5A1B /* HQKindViewController.h */,
				A7591BE61DB6131900EC5A1B /* HQKindViewController.m */,
				A79A64351DB75B7500419109 /* HQSubmitViewController.h */,
				A79A64361DB75B7500419109 /* HQSubmitViewController.m */,
				A79A643B1DB75BC700419109 /* MyLostStateViewController.h */,
				A79A643C1DB75BC700419109 /* MyLostStateViewController.m */,
				A79A643E1DB75BDC00419109 /* HQHelpViewController.h */,
				A79A643F1DB75BDC00419109 /* HQHelpViewController.m */,
				A79799441DBE0AF30055C5B2 /* HQSubmitLostInfoVC.h */,
				A79799451DBE0AF30055C5B2 /* HQSubmitLostInfoVC.m */,
			);
			path = Controller;
			sourceTree = "<group>";
		};
		A79F2E7E1DB0DC9300CEDB8A /* View */ = {
			isa = PBXGroup;
			children = (
				A79F2E821DB0DCDE00CEDB8A /* HQTableViewCell.h */,
				A79F2E831DB0DCDE00CEDB8A /* HQTableViewCell.m */,
				A79F2E841DB0DCDE00CEDB8A /* HQTableViewCell.xib */,
				A74D5D021DB4715B0034A3C2 /* HQHeaderView.h */,
				A74D5D031DB4715B0034A3C2 /* HQHeaderView.m */,
				A74D5D211DB4DE830034A3C2 /* HeaderTableViewCell.h */,
				A74D5D221DB4DE830034A3C2 /* HeaderTableViewCell.m */,
				A79A642F1DB71F9F00419109 /* HQSelectListView.h */,
				A79A64301DB71F9F00419109 /* HQSelectListView.m */,
				A79A64321DB7459200419109 /* HQSelectView.h */,
				A79A64331DB7459200419109 /* HQSelectView.m */,
				A74579C81DBEF866009EBAC2 /* SubmitView.h */,
				A74579C91DBEF866009EBAC2 /* SubmitView.m */,
				A76B562E1DC0528B00E780E4 /* HQLostTableViewCell.h */,
				A76B562F1DC0528B00E780E4 /* HQLostTableViewCell.m */,
				A76B56301DC0528B00E780E4 /* HQLostTableViewCell.xib */,
				A76B56361DC05B6500E780E4 /* MessageReplayCell.h */,
				A76B56371DC05B6500E780E4 /* MessageReplayCell.m */,
				A76B56381DC05B6500E780E4 /* MessageReplayCell.xib */,
			);
			path = View;
			sourceTree = "<group>";
		};
		A79F2E871DB0DFEE00CEDB8A /* Resource */ = {
			isa = PBXGroup;
			children = (
				A7FB06BE1DCB2189004BBA1E /* ii.jpg */,
				A74579CB1DBF470C009EBAC2 /* arrowImage@2x.png */,
				A79799421DBE064E0055C5B2 /* 矩形-19-拷贝-2@2x.png */,
				A7591BDE1DB6079900EC5A1B /* more_white@3x.png */,
				A7591BDF1DB6079900EC5A1B /* more-w@2x.png */,
				A7591BDC1DB602C000EC5A1B /* ap_titlebar_search_default@2x.png */,
				A74D5D1F1DB4DD390034A3C2 /* bonus_24.png */,
				A74D5D1D1DB4DC990034A3C2 /* document@2x.png */,
				A74D5D191DB4B8E00034A3C2 /* bookmark@2x.png */,
				A74D5D171DB4B7840034A3C2 /* sunshinecolor.png */,
				A74D5D151DB4B6E90034A3C2 /* star_highlight@2x.png */,
				A74D5D111DB4B57B0034A3C2 /* publishHelp@2x.png */,
				A74D5D121DB4B57B0034A3C2 /* publishHelp@3x.png */,
				A74D5D0D1DB4B5680034A3C2 /* offline@3x.png */,
				A74D5D0E1DB4B5680034A3C2 /* online@2x.png */,
				A74D5D091DB4B0AC0034A3C2 /* bank@2x.png */,
				A74D5D0A1DB4B0AC0034A3C2 /* bank@3x.png */,
				A74D5D051DB4B0790034A3C2 /* alipay_msp_key_info@2x.png */,
				A74D5D061DB4B0790034A3C2 /* alipay_msp_key_info@3x.png */,
				A79F2E881DB0E00800CEDB8A /* AppIcon40x40@2x.png */,
			);
			path = Resource;
			sourceTree = "<group>";
		};
		A7C542751DC4843400A520E5 /* Frameworks */ = {
			isa = PBXGroup;
			children = (
				A7C542761DC4843500A520E5 /* WebKit.framework */,
			);
			name = Frameworks;
			sourceTree = "<group>";
		};
/* End PBXGroup section */

/* Begin PBXNativeTarget section */
		A79F2E431DB0B98500CEDB8A /* LostAndFind */ = {
			isa = PBXNativeTarget;
			buildConfigurationList = A79F2E5B1DB0B98500CEDB8A /* Build configuration list for PBXNativeTarget "LostAndFind" */;
			buildPhases = (
				A79F2E401DB0B98500CEDB8A /* Sources */,
				A79F2E411DB0B98500CEDB8A /* Frameworks */,
				A79F2E421DB0B98500CEDB8A /* Resources */,
			);
			buildRules = (
			);
			dependencies = (
			);
			name = LostAndFind;
			productName = LostAndFind;
			productReference = A79F2E441DB0B98500CEDB8A /* LostAndFind.app */;
			productType = "com.apple.product-type.application";
		};
/* End PBXNativeTarget section */

/* Begin PBXProject section */
		A79F2E3C1DB0B98500CEDB8A /* Project object */ = {
			isa = PBXProject;
			attributes = {
				LastUpgradeCheck = 0800;
				ORGANIZATIONNAME = "李海权";
				TargetAttributes = {
					A79F2E431DB0B98500CEDB8A = {
						CreatedOnToolsVersion = 8.0;
						DevelopmentTeam = 7JND34TWMP;
						ProvisioningStyle = Automatic;
					};
				};
			};
			buildConfigurationList = A79F2E3F1DB0B98500CEDB8A /* Build configuration list for PBXProject "LostAndFind" */;
			compatibilityVersion = "Xcode 3.2";
			developmentRegion = English;
			hasScannedForEncodings = 0;
			knownRegions = (
				en,
				Base,
			);
			mainGroup = A79F2E3B1DB0B98500CEDB8A;
			productRefGroup = A79F2E451DB0B98500CEDB8A /* Products */;
			projectDirPath = "";
			projectRoot = "";
			targets = (
				A79F2E431DB0B98500CEDB8A /* LostAndFind */,
			);
		};
/* End PBXProject section */

/* Begin PBXResourcesBuildPhase section */
		A79F2E421DB0B98500CEDB8A /* Resources */ = {
			isa = PBXResourcesBuildPhase;
			buildActionMask = 2147483647;
			files = (
				A79F2E861DB0DCDE00CEDB8A /* HQTableViewCell.xib in Resources */,
				A74D5D071DB4B0790034A3C2 /* alipay_msp_key_info@2x.png in Resources */,
				A7591BE11DB6079900EC5A1B /* more-w@2x.png in Resources */,
				A74D5D1A1DB4B8E00034A3C2 /* bookmark@2x.png in Resources */,
				A79F2E891DB0E00800CEDB8A /* AppIcon40x40@2x.png in Resources */,
				A74D5D161DB4B6E90034A3C2 /* star_highlight@2x.png in Resources */,
				A74D5D181DB4B7840034A3C2 /* sunshinecolor.png in Resources */,
				A74D5D1E1DB4DC990034A3C2 /* document@2x.png in Resources */,
				A79799431DBE064E0055C5B2 /* 矩形-19-拷贝-2@2x.png in Resources */,
				A7FB06BF1DCB2189004BBA1E /* ii.jpg in Resources */,
				A74D5D141DB4B57B0034A3C2 /* publishHelp@3x.png in Resources */,
				A79F2E571DB0B98500CEDB8A /* LaunchScreen.storyboard in Resources */,
				A74D5D101DB4B5680034A3C2 /* online@2x.png in Resources */,
				A74D5D0B1DB4B0AC0034A3C2 /* bank@2x.png in Resources */,
				A74D5D201DB4DD390034A3C2 /* bonus_24.png in Resources */,
				A773CD1A1DC3272100DD1B41 /* CityData.plist in Resources */,
				A76B563A1DC05B6500E780E4 /* MessageReplayCell.xib in Resources */,
				A79F2E541DB0B98500CEDB8A /* Assets.xcassets in Resources */,
				A79F2E521DB0B98500CEDB8A /* Main.storyboard in Resources */,
				A76B56321DC0528B00E780E4 /* HQLostTableViewCell.xib in Resources */,
				A7591BE01DB6079900EC5A1B /* more_white@3x.png in Resources */,
				A74D5D0F1DB4B5680034A3C2 /* offline@3x.png in Resources */,
				A7591BDD1DB602C000EC5A1B /* ap_titlebar_search_default@2x.png in Resources */,
				A74579CC1DBF470C009EBAC2 /* arrowImage@2x.png in Resources */,
				A74D5D081DB4B0790034A3C2 /* alipay_msp_key_info@3x.png in Resources */,
				A74D5D0C1DB4B0AC0034A3C2 /* bank@3x.png in Resources */,
				A74D5D131DB4B57B0034A3C2 /* publishHelp@2x.png in Resources */,
			);
			runOnlyForDeploymentPostprocessing = 0;
		};
/* End PBXResourcesBuildPhase section */

/* Begin PBXSourcesBuildPhase section */
		A79F2E401DB0B98500CEDB8A /* Sources */ = {
			isa = PBXSourcesBuildPhase;
			buildActionMask = 2147483647;
			files = (
				A773CD181DC3272100DD1B41 /* View+MASAdditions.m in Sources */,
				A79A64311DB71F9F00419109 /* HQSelectListView.m in Sources */,
				A79F2E8C1DB0E2DC00CEDB8A /* HQDetailViewController.m in Sources */,
				A79F2E741DB0C94900CEDB8A /* ViewController.m in Sources */,
				A773CD101DC3272100DD1B41 /* MASCompositeConstraint.m in Sources */,
				A773CD121DC3272100DD1B41 /* MASConstraintMaker.m in Sources */,
				A79F2E731DB0C94900CEDB8A /* KLTNavigationController.m in Sources */,
				A773CD201DC3272100DD1B41 /* YiRefreshFooter.m in Sources */,
				A773CD1D1DC3272100DD1B41 /* TLCityHeaderView.m in Sources */,
				A773CD191DC3272100DD1B41 /* ViewController+MASAdditions.m in Sources */,
				A773CD131DC3272100DD1B41 /* MASLayoutConstraint.m in Sources */,
				A74D5D231DB4DE830034A3C2 /* HeaderTableViewCell.m in Sources */,
				A79F2E711DB0C94900CEDB8A /* AnimationContoller.m in Sources */,
				A79A643D1DB75BC700419109 /* MyLostStateViewController.m in Sources */,
				A79F2E4C1DB0B98500CEDB8A /* AppDelegate.m in Sources */,
				A7591BE41DB60C7200EC5A1B /* SearchViewController.m in Sources */,
				A7591BE71DB6131900EC5A1B /* HQKindViewController.m in Sources */,
				A773CD1C1DC3272100DD1B41 /* TLCityGroupCell.m in Sources */,
				A74579CA1DBEF867009EBAC2 /* SubmitView.m in Sources */,
				A79F2E7A1DB0D82B00CEDB8A /* HQBaseViewController.m in Sources */,
				A773CD1B1DC3272100DD1B41 /* TLCity.m in Sources */,
				A74D5D041DB4715B0034A3C2 /* HQHeaderView.m in Sources */,
				A79F2E7D1DB0D8DD00CEDB8A /* HQCityViewController.m in Sources */,
				A79F2E851DB0DCDE00CEDB8A /* HQTableViewCell.m in Sources */,
				A773CD141DC3272100DD1B41 /* MASViewAttribute.m in Sources */,
				A773CD211DC3272100DD1B41 /* YiRefreshHeader.m in Sources */,
				A773CD1F1DC3272100DD1B41 /* TLCityPickerSearchResultController.m in Sources */,
				A773CD111DC3272100DD1B41 /* MASConstraint.m in Sources */,
				A76B56391DC05B6500E780E4 /* MessageReplayCell.m in Sources */,
				A773CD151DC3272100DD1B41 /* MASViewConstraint.m in Sources */,
				A79A64371DB75B7500419109 /* HQSubmitViewController.m in Sources */,
				A76B56311DC0528B00E780E4 /* HQLostTableViewCell.m in Sources */,
				A79A64401DB75BDC00419109 /* HQHelpViewController.m in Sources */,
				A79799461DBE0AF30055C5B2 /* HQSubmitLostInfoVC.m in Sources */,
				A79F2E491DB0B98500CEDB8A /* main.m in Sources */,
				A773CD161DC3272100DD1B41 /* NSArray+MASAdditions.m in Sources */,
				A79A64341DB7459200419109 /* HQSelectView.m in Sources */,
				A773CD171DC3272100DD1B41 /* NSLayoutConstraint+MASDebugAdditions.m in Sources */,
				A79F2E721DB0C94900CEDB8A /* HQFirstTableViewController.m in Sources */,
				A79F2E771DB0C96E00CEDB8A /* HQSecondTableVC.m in Sources */,
				A773CD1E1DC3272100DD1B41 /* TLCityPickerController.m in Sources */,
			);
			runOnlyForDeploymentPostprocessing = 0;
		};
/* End PBXSourcesBuildPhase section */

/* Begin PBXVariantGroup section */
		A79F2E501DB0B98500CEDB8A /* Main.storyboard */ = {
			isa = PBXVariantGroup;
			children = (
				A79F2E511DB0B98500CEDB8A /* Base */,
			);
			name = Main.storyboard;
			sourceTree = "<group>";
		};
		A79F2E551DB0B98500CEDB8A /* LaunchScreen.storyboard */ = {
			isa = PBXVariantGroup;
			children = (
				A79F2E561DB0B98500CEDB8A /* Base */,
			);
			name = LaunchScreen.storyboard;
			sourceTree = "<group>";
		};
/* End PBXVariantGroup section */

/* Begin XCBuildConfiguration section */
		A79F2E591DB0B98500CEDB8A /* Debug */ = {
			isa = XCBuildConfiguration;
			buildSettings = {
				ALWAYS_SEARCH_USER_PATHS = NO;
				CLANG_ANALYZER_NONNULL = YES;
				CLANG_CXX_LANGUAGE_STANDARD = "gnu++0x";
				CLANG_CXX_LIBRARY = "libc++";
				CLANG_ENABLE_MODULES = YES;
				CLANG_ENABLE_OBJC_ARC = YES;
				CLANG_WARN_BOOL_CONVERSION = YES;
				CLANG_WARN_CONSTANT_CONVERSION = YES;
				CLANG_WARN_DIRECT_OBJC_ISA_USAGE = YES_ERROR;
				CLANG_WARN_DOCUMENTATION_COMMENTS = YES;
				CLANG_WARN_EMPTY_BODY = YES;
				CLANG_WARN_ENUM_CONVERSION = YES;
				CLANG_WARN_INFINITE_RECURSION = YES;
				CLANG_WARN_INT_CONVERSION = YES;
				CLANG_WARN_OBJC_ROOT_CLASS = YES_ERROR;
				CLANG_WARN_SUSPICIOUS_MOVES = YES;
				CLANG_WARN_UNREACHABLE_CODE = YES;
				CLANG_WARN__DUPLICATE_METHOD_MATCH = YES;
				"CODE_SIGN_IDENTITY[sdk=iphoneos*]" = "iPhone Developer";
				COPY_PHASE_STRIP = NO;
				DEBUG_INFORMATION_FORMAT = dwarf;
				ENABLE_STRICT_OBJC_MSGSEND = YES;
				ENABLE_TESTABILITY = YES;
				GCC_C_LANGUAGE_STANDARD = gnu99;
				GCC_DYNAMIC_NO_PIC = NO;
				GCC_NO_COMMON_BLOCKS = YES;
				GCC_OPTIMIZATION_LEVEL = 0;
				GCC_PREPROCESSOR_DEFINITIONS = (
					"DEBUG=1",
					"$(inherited)",
				);
				GCC_WARN_64_TO_32_BIT_CONVERSION = YES;
				GCC_WARN_ABOUT_RETURN_TYPE = YES_ERROR;
				GCC_WARN_UNDECLARED_SELECTOR = YES;
				GCC_WARN_UNINITIALIZED_AUTOS = YES_AGGRESSIVE;
				GCC_WARN_UNUSED_FUNCTION = YES;
				GCC_WARN_UNUSED_VARIABLE = YES;
				IPHONEOS_DEPLOYMENT_TARGET = 10.0;
				MTL_ENABLE_DEBUG_INFO = YES;
				ONLY_ACTIVE_ARCH = YES;
				SDKROOT = iphoneos;
			};
			name = Debug;
		};
		A79F2E5A1DB0B98500CEDB8A /* Release */ = {
			isa = XCBuildConfiguration;
			buildSettings = {
				ALWAYS_SEARCH_USER_PATHS = NO;
				CLANG_ANALYZER_NONNULL = YES;
				CLANG_CXX_LANGUAGE_STANDARD = "gnu++0x";
				CLANG_CXX_LIBRARY = "libc++";
				CLANG_ENABLE_MODULES = YES;
				CLANG_ENABLE_OBJC_ARC = YES;
				CLANG_WARN_BOOL_CONVERSION = YES;
				CLANG_WARN_CONSTANT_CONVERSION = YES;
				CLANG_WARN_DIRECT_OBJC_ISA_USAGE = YES_ERROR;
				CLANG_WARN_DOCUMENTATION_COMMENTS = YES;
				CLANG_WARN_EMPTY_BODY = YES;
				CLANG_WARN_ENUM_CONVERSION = YES;
				CLANG_WARN_INFINITE_RECURSION = YES;
				CLANG_WARN_INT_CONVERSION = YES;
				CLANG_WARN_OBJC_ROOT_CLASS = YES_ERROR;
				CLANG_WARN_SUSPICIOUS_MOVES = YES;
				CLANG_WARN_UNREACHABLE_CODE = YES;
				CLANG_WARN__DUPLICATE_METHOD_MATCH = YES;
				"CODE_SIGN_IDENTITY[sdk=iphoneos*]" = "iPhone Developer";
				COPY_PHASE_STRIP = NO;
				DEBUG_INFORMATION_FORMAT = "dwarf-with-dsym";
				ENABLE_NS_ASSERTIONS = NO;
				ENABLE_STRICT_OBJC_MSGSEND = YES;
				GCC_C_LANGUAGE_STANDARD = gnu99;
				GCC_NO_COMMON_BLOCKS = YES;
				GCC_WARN_64_TO_32_BIT_CONVERSION = YES;
				GCC_WARN_ABOUT_RETURN_TYPE = YES_ERROR;
				GCC_WARN_UNDECLARED_SELECTOR = YES;
				GCC_WARN_UNINITIALIZED_AUTOS = YES_AGGRESSIVE;
				GCC_WARN_UNUSED_FUNCTION = YES;
				GCC_WARN_UNUSED_VARIABLE = YES;
				IPHONEOS_DEPLOYMENT_TARGET = 10.0;
				MTL_ENABLE_DEBUG_INFO = NO;
				SDKROOT = iphoneos;
				VALIDATE_PRODUCT = YES;
			};
			name = Release;
		};
		A79F2E5C1DB0B98500CEDB8A /* Debug */ = {
			isa = XCBuildConfiguration;
			buildSettings = {
				ASSETCATALOG_COMPILER_APPICON_NAME = AppIcon;
				DEVELOPMENT_TEAM = 7JND34TWMP;
				GCC_PREFIX_HEADER = "$(SRCROOT)/LostAndFind/PrefixHeader.pch";
				INFOPLIST_FILE = LostAndFind/Info.plist;
				IPHONEOS_DEPLOYMENT_TARGET = 8.0;
				LD_RUNPATH_SEARCH_PATHS = "$(inherited) @executable_path/Frameworks";
				PRODUCT_BUNDLE_IDENTIFIER = com.zhongle.LostAndFind;
				PRODUCT_NAME = "$(TARGET_NAME)";
			};
			name = Debug;
		};
		A79F2E5D1DB0B98500CEDB8A /* Release */ = {
			isa = XCBuildConfiguration;
			buildSettings = {
				ASSETCATALOG_COMPILER_APPICON_NAME = AppIcon;
				DEVELOPMENT_TEAM = 7JND34TWMP;
				GCC_PREFIX_HEADER = "$(SRCROOT)/LostAndFind/PrefixHeader.pch";
				INFOPLIST_FILE = LostAndFind/Info.plist;
				IPHONEOS_DEPLOYMENT_TARGET = 8.0;
				LD_RUNPATH_SEARCH_PATHS = "$(inherited) @executable_path/Frameworks";
				PRODUCT_BUNDLE_IDENTIFIER = com.zhongle.LostAndFind;
				PRODUCT_NAME = "$(TARGET_NAME)";
			};
			name = Release;
		};
/* End XCBuildConfiguration section */

/* Begin XCConfigurationList section */
		A79F2E3F1DB0B98500CEDB8A /* Build configuration list for PBXProject "LostAndFind" */ = {
			isa = XCConfigurationList;
			buildConfigurations = (
				A79F2E591DB0B98500CEDB8A /* Debug */,
				A79F2E5A1DB0B98500CEDB8A /* Release */,
			);
			defaultConfigurationIsVisible = 0;
			defaultConfigurationName = Release;
		};
		A79F2E5B1DB0B98500CEDB8A /* Build configuration list for PBXNativeTarget "LostAndFind" */ = {
			isa = XCConfigurationList;
			buildConfigurations = (
				A79F2E5C1DB0B98500CEDB8A /* Debug */,
				A79F2E5D1DB0B98500CEDB8A /* Release */,
			);
			defaultConfigurationIsVisible = 0;
			defaultConfigurationName = Release;
		};
/* End XCConfigurationList section */
	};
	rootObject = A79F2E3C1DB0B98500CEDB8A /* Project object */;
}
